
Microsoft Visual Studio Solution File, Format Version 12.00
# Visual Studio Version 16
VisualStudioVersion = 16.0.31515.178
MinimumVisualStudioVersion = 10.0.40219.1
Project("{FAE04EC0-301F-11D3-BF4B-00C04F79EFBC}") = "BlogPortal", "BlogPortal\BlogPortal.csproj", "{5E858C7A-E614-4FC7-B8A7-5B120CC764B7}"
EndProject
Global
	GlobalSection(SolutionConfigurationPlatforms) = preSolution
		Debug|Any CPU = Debug|Any CPU
		Release|Any CPU = Release|Any CPU
	EndGlobalSection
	GlobalSection(ProjectConfigurationPlatforms) = postSolution
		{5E858C7A-E614-4FC7-B8A7-5B120CC764B7}.Debug|Any CPU.ActiveCfg = Debug|Any CPU
		{5E858C7A-E614-4FC7-B8A7-5B120CC764B7}.Debug|Any CPU.Build.0 = Debug|Any CPU
		{5E858C7A-E614-4FC7-B8A7-5B120CC764B7}.Release|Any CPU.ActiveCfg = Release|Any CPU
		{5E858C7A-E614-4FC7-B8A7-5B120CC764B7}.Release|Any CPU.Build.0 = Release|Any CPU
	EndGlobalSection
	GlobalSection(SolutionProperties) = preSolution
		HideSolutionNode = FALSE
	EndGlobalSection
	GlobalSection(ExtensibilityGlobals) = postSolution
		SolutionGuid = {B636D9C9-8978-4ECC-BFBF-A345838777A2}
	EndGlobalSection
EndGlobal
